
Microsoft Visual Studio Solution File, Format Version 12.00
# Visual Studio Version 17
VisualStudioVersion = 17.5.33530.505
MinimumVisualStudioVersion = 10.0.40219.1
Project("{9A19103F-16F7-4668-BE54-9A1E7A4F7556}") = "Metalama.Bits", "Metalama.Bits\Metalama.Bits.csproj", "{03F11FB6-FD32-4A55-9DC1-133D058D44A6}"
EndProject
Project("{9A19103F-16F7-4668-BE54-9A1E7A4F7556}") = "Runner", "Runner\Runner.csproj", "{F437D14E-6BAA-4BC4-A17B-3C347E6B94C4}"
EndProject
Project("{9A19103F-16F7-4668-BE54-9A1E7A4F7556}") = "Models", "Models\Models.csproj", "{14359518-C843-4866-8188-8D3A3D9DB935}"
EndProject
Project("{9A19103F-16F7-4668-BE54-9A1E7A4F7556}") = "Metalama.Extensions.DependencyInjection.Autofac", "Metalama.Extensions.DependencyInjection.Autofac\Metalama.Extensions.DependencyInjection.Autofac.csproj", "{A8C31221-359C-4AF2-A8E6-4725C23D9F79}"
EndProject
Project("{9A19103F-16F7-4668-BE54-9A1E7A4F7556}") = "Interfaces", "Interfaces\Interfaces.csproj", "{937B4B7C-CDC1-4B4A-8F59-98A7C0C1091C}"
EndProject
Global
	GlobalSection(SolutionConfigurationPlatforms) = preSolution
		Debug|Any CPU = Debug|Any CPU
		LamaDebug|Any CPU = LamaDebug|Any CPU
		Release|Any CPU = Release|Any CPU
	EndGlobalSection
	GlobalSection(ProjectConfigurationPlatforms) = postSolution
		{03F11FB6-FD32-4A55-9DC1-133D058D44A6}.Debug|Any CPU.ActiveCfg = Debug|Any CPU
		{03F11FB6-FD32-4A55-9DC1-133D058D44A6}.Debug|Any CPU.Build.0 = Debug|Any CPU
		{03F11FB6-FD32-4A55-9DC1-133D058D44A6}.LamaDebug|Any CPU.ActiveCfg = LamaDebug|Any CPU
		{03F11FB6-FD32-4A55-9DC1-133D058D44A6}.LamaDebug|Any CPU.Build.0 = LamaDebug|Any CPU
		{03F11FB6-FD32-4A55-9DC1-133D058D44A6}.Release|Any CPU.ActiveCfg = Release|Any CPU
		{03F11FB6-FD32-4A55-9DC1-133D058D44A6}.Release|Any CPU.Build.0 = Release|Any CPU
		{F437D14E-6BAA-4BC4-A17B-3C347E6B94C4}.Debug|Any CPU.ActiveCfg = Debug|Any CPU
		{F437D14E-6BAA-4BC4-A17B-3C347E6B94C4}.Debug|Any CPU.Build.0 = Debug|Any CPU
		{F437D14E-6BAA-4BC4-A17B-3C347E6B94C4}.LamaDebug|Any CPU.ActiveCfg = LamaDebug|Any CPU
		{F437D14E-6BAA-4BC4-A17B-3C347E6B94C4}.LamaDebug|Any CPU.Build.0 = LamaDebug|Any CPU
		{F437D14E-6BAA-4BC4-A17B-3C347E6B94C4}.Release|Any CPU.ActiveCfg = Release|Any CPU
		{F437D14E-6BAA-4BC4-A17B-3C347E6B94C4}.Release|Any CPU.Build.0 = Release|Any CPU
		{14359518-C843-4866-8188-8D3A3D9DB935}.Debug|Any CPU.ActiveCfg = Debug|Any CPU
		{14359518-C843-4866-8188-8D3A3D9DB935}.Debug|Any CPU.Build.0 = Debug|Any CPU
		{14359518-C843-4866-8188-8D3A3D9DB935}.LamaDebug|Any CPU.ActiveCfg = LamaDebug|Any CPU
		{14359518-C843-4866-8188-8D3A3D9DB935}.LamaDebug|Any CPU.Build.0 = LamaDebug|Any CPU
		{14359518-C843-4866-8188-8D3A3D9DB935}.Release|Any CPU.ActiveCfg = Release|Any CPU
		{14359518-C843-4866-8188-8D3A3D9DB935}.Release|Any CPU.Build.0 = Release|Any CPU
		{A8C31221-359C-4AF2-A8E6-4725C23D9F79}.Debug|Any CPU.ActiveCfg = Debug|Any CPU
		{A8C31221-359C-4AF2-A8E6-4725C23D9F79}.Debug|Any CPU.Build.0 = Debug|Any CPU
		{A8C31221-359C-4AF2-A8E6-4725C23D9F79}.LamaDebug|Any CPU.ActiveCfg = LamaDebug|Any CPU
		{A8C31221-359C-4AF2-A8E6-4725C23D9F79}.LamaDebug|Any CPU.Build.0 = LamaDebug|Any CPU
		{A8C31221-359C-4AF2-A8E6-4725C23D9F79}.Release|Any CPU.ActiveCfg = Release|Any CPU
		{A8C31221-359C-4AF2-A8E6-4725C23D9F79}.Release|Any CPU.Build.0 = Release|Any CPU
		{937B4B7C-CDC1-4B4A-8F59-98A7C0C1091C}.Debug|Any CPU.ActiveCfg = Debug|Any CPU
		{937B4B7C-CDC1-4B4A-8F59-98A7C0C1091C}.Debug|Any CPU.Build.0 = Debug|Any CPU
		{937B4B7C-CDC1-4B4A-8F59-98A7C0C1091C}.LamaDebug|Any CPU.ActiveCfg = LamaDebug|Any CPU
		{937B4B7C-CDC1-4B4A-8F59-98A7C0C1091C}.LamaDebug|Any CPU.Build.0 = LamaDebug|Any CPU
		{937B4B7C-CDC1-4B4A-8F59-98A7C0C1091C}.Release|Any CPU.ActiveCfg = Release|Any CPU
		{937B4B7C-CDC1-4B4A-8F59-98A7C0C1091C}.Release|Any CPU.Build.0 = Release|Any CPU
	EndGlobalSection
	GlobalSection(SolutionProperties) = preSolution
		HideSolutionNode = FALSE
	EndGlobalSection
	GlobalSection(ExtensibilityGlobals) = postSolution
		SolutionGuid = {50AE4AB9-FE6B-40A0-BD9D-84F5D04447B9}
	EndGlobalSection
EndGlobal
